// !$*UTF8*$!
{
	archiveVersion = 1;
	classes = {
	};
	objectVersion = 77;
	objects = {

/* Begin PBXBuildFile section */
		120A78A9DE0714879B3164B1 /* ContentView.swift in Sources */ = {isa = PBXBuildFile; fileRef = 918D4B107E2F86A4FEC2FB51 /* ContentView.swift */; };
		16B0C6CF15827C330E01B538 /* StudyView.swift in Sources */ = {isa = PBXBuildFile; fileRef = FE0F722E33A8704A2F29871A /* StudyView.swift */; };
		31A0D72210948D4836705072 /* Deck.swift in Sources */ = {isa = PBXBuildFile; fileRef = 70C85564049E538C62ADD394 /* Deck.swift */; };
		3AEDC67966864AC0A82EF429 /* ScienceCards.swift in Sources */ = {isa = PBXBuildFile; fileRef = 504942073EB9CE75E326BAD0 /* ScienceCards.swift */; };
		3E70F7C7B919094BD9C1CF48 /* HistoryCards.swift in Sources */ = {isa = PBXBuildFile; fileRef = 639254D10131FB38338B5787 /* HistoryCards.swift */; };
		76E23A0FAF036E040DDF0CDB /* SampleDecks.swift in Sources */ = {isa = PBXBuildFile; fileRef = 4CE9C587F4C731424208736D /* SampleDecks.swift */; };
		8AC455C3C11A5DAAD0614412 /* LanguageCards.swift in Sources */ = {isa = PBXBuildFile; fileRef = 2C3F12EA115B285E1B5517DC /* LanguageCards.swift */; };
		BE9391710C2222EBA3116209 /* FlashcardStudyApp.swift in Sources */ = {isa = PBXBuildFile; fileRef = A6C9A089A8588473B0F22A12 /* FlashcardStudyApp.swift */; };
		C18B612EFFA74527F1F1910A /* ImportView.swift in Sources */ = {isa = PBXBuildFile; fileRef = 560E47B27877FFB89E86E386 /* ImportView.swift */; };
		F09B337FC20EA0FD11140DD4 /* GeographyCards.swift in Sources */ = {isa = PBXBuildFile; fileRef = 600902A572D87F1BD46ED1AC /* GeographyCards.swift */; };
		F576F6442407790774664B5A /* Card.swift in Sources */ = {isa = PBXBuildFile; fileRef = 956B4533345831B6F4C24B62 /* Card.swift */; };
		FAB6E89016A66EE3A92E9004 /* GothicTheme.swift in Sources */ = {isa = PBXBuildFile; fileRef = 6F62A2F8E106F109EAB8BAEC /* GothicTheme.swift */; };
/* End PBXBuildFile section */

/* Begin PBXFileReference section */
		2C3F12EA115B285E1B5517DC /* LanguageCards.swift */ = {isa = PBXFileReference; lastKnownFileType = sourcecode.swift; path = LanguageCards.swift; sourceTree = "<group>"; };
		4CE9C587F4C731424208736D /* SampleDecks.swift */ = {isa = PBXFileReference; lastKnownFileType = sourcecode.swift; path = SampleDecks.swift; sourceTree = "<group>"; };
		504942073EB9CE75E326BAD0 /* ScienceCards.swift */ = {isa = PBXFileReference; lastKnownFileType = sourcecode.swift; path = ScienceCards.swift; sourceTree = "<group>"; };
		560E47B27877FFB89E86E386 /* ImportView.swift */ = {isa = PBXFileReference; lastKnownFileType = sourcecode.swift; path = ImportView.swift; sourceTree = "<group>"; };
		600902A572D87F1BD46ED1AC /* GeographyCards.swift */ = {isa = PBXFileReference; lastKnownFileType = sourcecode.swift; path = GeographyCards.swift; sourceTree = "<group>"; };
		639254D10131FB38338B5787 /* HistoryCards.swift */ = {isa = PBXFileReference; lastKnownFileType = sourcecode.swift; path = HistoryCards.swift; sourceTree = "<group>"; };
		6F62A2F8E106F109EAB8BAEC /* GothicTheme.swift */ = {isa = PBXFileReference; lastKnownFileType = sourcecode.swift; path = GothicTheme.swift; sourceTree = "<group>"; };
		70C85564049E538C62ADD394 /* Deck.swift */ = {isa = PBXFileReference; lastKnownFileType = sourcecode.swift; path = Deck.swift; sourceTree = "<group>"; };
		918D4B107E2F86A4FEC2FB51 /* ContentView.swift */ = {isa = PBXFileReference; lastKnownFileType = sourcecode.swift; path = ContentView.swift; sourceTree = "<group>"; };
		956B4533345831B6F4C24B62 /* Card.swift */ = {isa = PBXFileReference; lastKnownFileType = sourcecode.swift; path = Card.swift; sourceTree = "<group>"; };
		A6C9A089A8588473B0F22A12 /* FlashcardStudyApp.swift */ = {isa = PBXFileReference; lastKnownFileType = sourcecode.swift; path = FlashcardStudyApp.swift; sourceTree = "<group>"; };
		FD23DB49C8D5244D47F6DCE6 /* FlashcardStudy.app */ = {isa = PBXFileReference; includeInIndex = 0; lastKnownFileType = wrapper.application; path = FlashcardStudy.app; sourceTree = BUILT_PRODUCTS_DIR; };
		FE0F722E33A8704A2F29871A /* StudyView.swift */ = {isa = PBXFileReference; lastKnownFileType = sourcecode.swift; path = StudyView.swift; sourceTree = "<group>"; };
/* End PBXFileReference section */

/* Begin PBXGroup section */
		06C0C9B283A8FF2E8D311212 /* Views */ = {
			isa = PBXGroup;
			children = (
				918D4B107E2F86A4FEC2FB51 /* ContentView.swift */,
				6F62A2F8E106F109EAB8BAEC /* GothicTheme.swift */,
				560E47B27877FFB89E86E386 /* ImportView.swift */,
				FE0F722E33A8704A2F29871A /* StudyView.swift */,
			);
			path = Views;
			sourceTree = "<group>";
		};
		129BB5E1012DB59D3ED99701 /* Models */ = {
			isa = PBXGroup;
			children = (
				956B4533345831B6F4C24B62 /* Card.swift */,
				70C85564049E538C62ADD394 /* Deck.swift */,
				600902A572D87F1BD46ED1AC /* GeographyCards.swift */,
				639254D10131FB38338B5787 /* HistoryCards.swift */,
				2C3F12EA115B285E1B5517DC /* LanguageCards.swift */,
				4CE9C587F4C731424208736D /* SampleDecks.swift */,
				504942073EB9CE75E326BAD0 /* ScienceCards.swift */,
			);
			path = Models;
			sourceTree = "<group>";
		};
		16C50044278F81F4E932ED76 /* App */ = {
			isa = PBXGroup;
			children = (
				A6C9A089A8588473B0F22A12 /* FlashcardStudyApp.swift */,
			);
			path = App;
			sourceTree = "<group>";
		};
		247CB9D5E98B3D0D198CECAA /* Resources */ = {
			isa = PBXGroup;
			children = (
			);
			path = Resources;
			sourceTree = "<group>";
		};
		416639EC7ECE4A2AD2B0D9C3 /* Products */ = {
			isa = PBXGroup;
			children = (
				FD23DB49C8D5244D47F6DCE6 /* FlashcardStudy.app */,
			);
			name = Products;
			sourceTree = "<group>";
		};
		85CC1CFCC78A55000DF9B9D2 /* Sources */ = {
			isa = PBXGroup;
			children = (
				16C50044278F81F4E932ED76 /* App */,
				129BB5E1012DB59D3ED99701 /* Models */,
				06C0C9B283A8FF2E8D311212 /* Views */,
			);
			path = Sources;
			sourceTree = "<group>";
		};
		B762BBE15FBAB80C16728B50 = {
			isa = PBXGroup;
			children = (
				247CB9D5E98B3D0D198CECAA /* Resources */,
				85CC1CFCC78A55000DF9B9D2 /* Sources */,
				416639EC7ECE4A2AD2B0D9C3 /* Products */,
			);
			sourceTree = "<group>";
		};
/* End PBXGroup section */

/* Begin PBXNativeTarget section */
		E918EA2DAF5609D617D0ED04 /* FlashcardStudy */ = {
			isa = PBXNativeTarget;
			buildConfigurationList = 61D7B91FDD976362AD24CD07 /* Build configuration list for PBXNativeTarget "FlashcardStudy" */;
			buildPhases = (
				5AB71BD2F87587ED6516E24A /* Sources */,
			);
			buildRules = (
			);
			dependencies = (
			);
			name = FlashcardStudy;
			packageProductDependencies = (
			);
			productName = FlashcardStudy;
			productReference = FD23DB49C8D5244D47F6DCE6 /* FlashcardStudy.app */;
			productType = "com.apple.product-type.application";
		};
/* End PBXNativeTarget section */

/* Begin PBXProject section */
		9F280198C20D84087FD0A3C2 /* Project object */ = {
			isa = PBXProject;
			attributes = {
				BuildIndependentTargetsInParallel = YES;
				LastUpgradeCheck = 1500;
				TargetAttributes = {
					E918EA2DAF5609D617D0ED04 = {
						DevelopmentTeam = "";
						ProvisioningStyle = Automatic;
					};
				};
			};
			buildConfigurationList = 313CB652AFCAFDCB9205C503 /* Build configuration list for PBXProject "FlashcardStudy" */;
			compatibilityVersion = "Xcode 14.0";
			developmentRegion = en;
			hasScannedForEncodings = 0;
			knownRegions = (
				Base,
				en,
			);
			mainGroup = B762BBE15FBAB80C16728B50;
			minimizedProjectReferenceProxies = 1;
			preferredProjectObjectVersion = 77;
			projectDirPath = "";
			projectRoot = "";
			targets = (
				E918EA2DAF5609D617D0ED04 /* FlashcardStudy */,
			);
		};
/* End PBXProject section */

/* Begin PBXSourcesBuildPhase section */
		5AB71BD2F87587ED6516E24A /* Sources */ = {
			isa = PBXSourcesBuildPhase;
			buildActionMask = 2147483647;
			files = (
				F576F6442407790774664B5A /* Card.swift in Sources */,
				120A78A9DE0714879B3164B1 /* ContentView.swift in Sources */,
				31A0D72210948D4836705072 /* Deck.swift in Sources */,
				BE9391710C2222EBA3116209 /* FlashcardStudyApp.swift in Sources */,
				F09B337FC20EA0FD11140DD4 /* GeographyCards.swift in Sources */,
				FAB6E89016A66EE3A92E9004 /* GothicTheme.swift in Sources */,
				3E70F7C7B919094BD9C1CF48 /* HistoryCards.swift in Sources */,
				C18B612EFFA74527F1F1910A /* ImportView.swift in Sources */,
				8AC455C3C11A5DAAD0614412 /* LanguageCards.swift in Sources */,
				76E23A0FAF036E040DDF0CDB /* SampleDecks.swift in Sources */,
				3AEDC67966864AC0A82EF429 /* ScienceCards.swift in Sources */,
				16B0C6CF15827C330E01B538 /* StudyView.swift in Sources */,
			);
			runOnlyForDeploymentPostprocessing = 0;
		};
/* End PBXSourcesBuildPhase section */

/* Begin XCBuildConfiguration section */
		160547356465949FD379855B /* Release */ = {
			isa = XCBuildConfiguration;
			buildSettings = {
				ASSETCATALOG_COMPILER_APPICON_NAME = AppIcon;
				ASSETCATALOG_COMPILER_GLOBAL_ACCENT_COLOR_NAME = AccentColor;
				CODE_SIGN_IDENTITY = "iPhone Developer";
				CODE_SIGN_STYLE = Automatic;
				DEVELOPMENT_TEAM = "";
				INFOPLIST_KEY_UIApplicationSceneManifest_Generation = YES;
				INFOPLIST_KEY_UIApplicationSupportsIndirectInputEvents = YES;
				INFOPLIST_KEY_UILaunchScreen_Generation = YES;
				INFOPLIST_KEY_UISupportedInterfaceOrientations_iPad = "UIInterfaceOrientationPortrait UIInterfaceOrientationPortraitUpsideDown UIInterfaceOrientationLandscapeLeft UIInterfaceOrientationLandscapeRight";
				INFOPLIST_KEY_UISupportedInterfaceOrientations_iPhone = UIInterfaceOrientationPortrait;
				LD_RUNPATH_SEARCH_PATHS = (
					"$(inherited)",
					"@executable_path/Frameworks",
				);
				PRODUCT_BUNDLE_IDENTIFIER = com.flashcard.study;
				SDKROOT = iphoneos;
				TARGETED_DEVICE_FAMILY = "1,2";
			};
			name = Release;
		};
		3D323C6C8554B9C6E3ADFF63 /* Release */ = {
			isa = XCBuildConfiguration;
			buildSettings = {
				ALWAYS_SEARCH_USER_PATHS = NO;
				CLANG_ANALYZER_NONNULL = YES;
				CLANG_ANALYZER_NUMBER_OBJECT_CONVERSION = YES_AGGRESSIVE;
				CLANG_CXX_LANGUAGE_STANDARD = "gnu++14";
				CLANG_CXX_LIBRARY = "libc++";
				CLANG_ENABLE_MODULES = YES;
				CLANG_ENABLE_OBJC_ARC = YES;
				CLANG_ENABLE_OBJC_WEAK = YES;
				CLANG_WARN_BLOCK_CAPTURE_AUTORELEASING = YES;
				CLANG_WARN_BOOL_CONVERSION = YES;
				CLANG_WARN_COMMA = YES;
				CLANG_WARN_CONSTANT_CONVERSION = YES;
				CLANG_WARN_DEPRECATED_OBJC_IMPLEMENTATIONS = YES;
				CLANG_WARN_DIRECT_OBJC_ISA_USAGE = YES_ERROR;
				CLANG_WARN_DOCUMENTATION_COMMENTS = YES;
				CLANG_WARN_EMPTY_BODY = YES;
				CLANG_WARN_ENUM_CONVERSION = YES;
				CLANG_WARN_INFINITE_RECURSION = YES;
				CLANG_WARN_INT_CONVERSION = YES;
				CLANG_WARN_NON_LITERAL_NULL_CONVERSION = YES;
				CLANG_WARN_OBJC_IMPLICIT_RETAIN_SELF = YES;
				CLANG_WARN_OBJC_LITERAL_CONVERSION = YES;
				CLANG_WARN_OBJC_ROOT_CLASS = YES_ERROR;
				CLANG_WARN_QUOTED_INCLUDE_IN_FRAMEWORK_HEADER = YES;
				CLANG_WARN_RANGE_LOOP_ANALYSIS = YES;
				CLANG_WARN_STRICT_PROTOTYPES = YES;
				CLANG_WARN_SUSPICIOUS_MOVE = YES;
				CLANG_WARN_UNGUARDED_AVAILABILITY = YES_AGGRESSIVE;
				CLANG_WARN_UNREACHABLE_CODE = YES;
				CLANG_WARN__DUPLICATE_METHOD_MATCH = YES;
				COPY_PHASE_STRIP = NO;
				CURRENT_PROJECT_VERSION = 1;
				DEBUG_INFORMATION_FORMAT = "dwarf-with-dsym";
				ENABLE_NS_ASSERTIONS = NO;
				ENABLE_STRICT_OBJC_MSGSEND = YES;
				GCC_C_LANGUAGE_STANDARD = gnu11;
				GCC_NO_COMMON_BLOCKS = YES;
				GCC_WARN_64_TO_32_BIT_CONVERSION = YES;
				GCC_WARN_ABOUT_RETURN_TYPE = YES_ERROR;
				GCC_WARN_UNDECLARED_SELECTOR = YES;
				GCC_WARN_UNINITIALIZED_AUTOS = YES_AGGRESSIVE;
				GCC_WARN_UNUSED_FUNCTION = YES;
				GCC_WARN_UNUSED_VARIABLE = YES;
				GENERATE_INFOPLIST_FILE = YES;
				IPHONEOS_DEPLOYMENT_TARGET = 17.0;
				MARKETING_VERSION = 1.0.0;
				MTL_ENABLE_DEBUG_INFO = NO;
				MTL_FAST_MATH = YES;
				PRODUCT_NAME = "$(TARGET_NAME)";
				SDKROOT = iphoneos;
				SWIFT_COMPILATION_MODE = wholemodule;
				SWIFT_OPTIMIZATION_LEVEL = "-O";
				SWIFT_VERSION = 5.9;
			};
			name = Release;
		};
		41249BDB7BCC56899C2674E5 /* Debug */ = {
			isa = XCBuildConfiguration;
			buildSettings = {
				ASSETCATALOG_COMPILER_APPICON_NAME = AppIcon;
				ASSETCATALOG_COMPILER_GLOBAL_ACCENT_COLOR_NAME = AccentColor;
				CODE_SIGN_IDENTITY = "iPhone Developer";
				CODE_SIGN_STYLE = Automatic;
				DEVELOPMENT_TEAM = "";
				INFOPLIST_KEY_UIApplicationSceneManifest_Generation = YES;
				INFOPLIST_KEY_UIApplicationSupportsIndirectInputEvents = YES;
				INFOPLIST_KEY_UILaunchScreen_Generation = YES;
				INFOPLIST_KEY_UISupportedInterfaceOrientations_iPad = "UIInterfaceOrientationPortrait UIInterfaceOrientationPortraitUpsideDown UIInterfaceOrientationLandscapeLeft UIInterfaceOrientationLandscapeRight";
				INFOPLIST_KEY_UISupportedInterfaceOrientations_iPhone = UIInterfaceOrientationPortrait;
				LD_RUNPATH_SEARCH_PATHS = (
					"$(inherited)",
					"@executable_path/Frameworks",
				);
				PRODUCT_BUNDLE_IDENTIFIER = com.flashcard.study;
				SDKROOT = iphoneos;
				TARGETED_DEVICE_FAMILY = "1,2";
			};
			name = Debug;
		};
		D5B994AE70071209999EB2E2 /* Debug */ = {
			isa = XCBuildConfiguration;
			buildSettings = {
				ALWAYS_SEARCH_USER_PATHS = NO;
				CLANG_ANALYZER_NONNULL = YES;
				CLANG_ANALYZER_NUMBER_OBJECT_CONVERSION = YES_AGGRESSIVE;
				CLANG_CXX_LANGUAGE_STANDARD = "gnu++14";
				CLANG_CXX_LIBRARY = "libc++";
				CLANG_ENABLE_MODULES = YES;
				CLANG_ENABLE_OBJC_ARC = YES;
				CLANG_ENABLE_OBJC_WEAK = YES;
				CLANG_WARN_BLOCK_CAPTURE_AUTORELEASING = YES;
				CLANG_WARN_BOOL_CONVERSION = YES;
				CLANG_WARN_COMMA = YES;
				CLANG_WARN_CONSTANT_CONVERSION = YES;
				CLANG_WARN_DEPRECATED_OBJC_IMPLEMENTATIONS = YES;
				CLANG_WARN_DIRECT_OBJC_ISA_USAGE = YES_ERROR;
				CLANG_WARN_DOCUMENTATION_COMMENTS = YES;
				CLANG_WARN_EMPTY_BODY = YES;
				CLANG_WARN_ENUM_CONVERSION = YES;
				CLANG_WARN_INFINITE_RECURSION = YES;
				CLANG_WARN_INT_CONVERSION = YES;
				CLANG_WARN_NON_LITERAL_NULL_CONVERSION = YES;
				CLANG_WARN_OBJC_IMPLICIT_RETAIN_SELF = YES;
				CLANG_WARN_OBJC_LITERAL_CONVERSION = YES;
				CLANG_WARN_OBJC_ROOT_CLASS = YES_ERROR;
				CLANG_WARN_QUOTED_INCLUDE_IN_FRAMEWORK_HEADER = YES;
				CLANG_WARN_RANGE_LOOP_ANALYSIS = YES;
				CLANG_WARN_STRICT_PROTOTYPES = YES;
				CLANG_WARN_SUSPICIOUS_MOVE = YES;
				CLANG_WARN_UNGUARDED_AVAILABILITY = YES_AGGRESSIVE;
				CLANG_WARN_UNREACHABLE_CODE = YES;
				CLANG_WARN__DUPLICATE_METHOD_MATCH = YES;
				COPY_PHASE_STRIP = NO;
				CURRENT_PROJECT_VERSION = 1;
				DEBUG_INFORMATION_FORMAT = dwarf;
				ENABLE_STRICT_OBJC_MSGSEND = YES;
				ENABLE_TESTABILITY = YES;
				GCC_C_LANGUAGE_STANDARD = gnu11;
				GCC_DYNAMIC_NO_PIC = NO;
				GCC_NO_COMMON_BLOCKS = YES;
				GCC_OPTIMIZATION_LEVEL = 0;
				GCC_PREPROCESSOR_DEFINITIONS = (
					"$(inherited)",
					"DEBUG=1",
				);
				GCC_WARN_64_TO_32_BIT_CONVERSION = YES;
				GCC_WARN_ABOUT_RETURN_TYPE = YES_ERROR;
				GCC_WARN_UNDECLARED_SELECTOR = YES;
				GCC_WARN_UNINITIALIZED_AUTOS = YES_AGGRESSIVE;
				GCC_WARN_UNUSED_FUNCTION = YES;
				GCC_WARN_UNUSED_VARIABLE = YES;
				GENERATE_INFOPLIST_FILE = YES;
				IPHONEOS_DEPLOYMENT_TARGET = 17.0;
				MARKETING_VERSION = 1.0.0;
				MTL_ENABLE_DEBUG_INFO = INCLUDE_SOURCE;
				MTL_FAST_MATH = YES;
				ONLY_ACTIVE_ARCH = YES;
				PRODUCT_NAME = "$(TARGET_NAME)";
				SDKROOT = iphoneos;
				SWIFT_ACTIVE_COMPILATION_CONDITIONS = DEBUG;
				SWIFT_OPTIMIZATION_LEVEL = "-Onone";
				SWIFT_VERSION = 5.9;
			};
			name = Debug;
		};
/* End XCBuildConfiguration section */

/* Begin XCConfigurationList section */
		313CB652AFCAFDCB9205C503 /* Build configuration list for PBXProject "FlashcardStudy" */ = {
			isa = XCConfigurationList;
			buildConfigurations = (
				D5B994AE70071209999EB2E2 /* Debug */,
				3D323C6C8554B9C6E3ADFF63 /* Release */,
			);
			defaultConfigurationIsVisible = 0;
			defaultConfigurationName = Debug;
		};
		61D7B91FDD976362AD24CD07 /* Build configuration list for PBXNativeTarget "FlashcardStudy" */ = {
			isa = XCConfigurationList;
			buildConfigurations = (
				41249BDB7BCC56899C2674E5 /* Debug */,
				160547356465949FD379855B /* Release */,
			);
			defaultConfigurationIsVisible = 0;
			defaultConfigurationName = Debug;
		};
/* End XCConfigurationList section */
	};
	rootObject = 9F280198C20D84087FD0A3C2 /* Project object */;
}
