// !$*UTF8*$!
{
	archiveVersion = 1;
	classes = {
	};
	objectVersion = 63;
	objects = {

/* Begin PBXBuildFile section */
		0BD51DCCF7C10077BCF5E504 /* CardStats.swift in Sources */ = {isa = PBXBuildFile; fileRef = D1941D42154A9A657F111CD1 /* CardStats.swift */; };
		120A78A9DE0714879B3164B1 /* ContentView.swift in Sources */ = {isa = PBXBuildFile; fileRef = 918D4B107E2F86A4FEC2FB51 /* ContentView.swift */; };
		16B0C6CF15827C330E01B538 /* StudyView.swift in Sources */ = {isa = PBXBuildFile; fileRef = FE0F722E33A8704A2F29871A /* StudyView.swift */; };
		221A01D2A3F17BE0902A4188 /* ExcelParser.swift in Sources */ = {isa = PBXBuildFile; fileRef = 292683B3D8490361C2A52174 /* ExcelParser.swift */; };
		2534B791B655F71FD3D1C2C7 /* CardStatsTests.swift in Sources */ = {isa = PBXBuildFile; fileRef = E1674F93DF2E15E7556C4BA0 /* CardStatsTests.swift */; };
		31A0D72210948D4836705072 /* Deck.swift in Sources */ = {isa = PBXBuildFile; fileRef = 70C85564049E538C62ADD394 /* Deck.swift */; };
		3AEDC67966864AC0A82EF429 /* ScienceCards.swift in Sources */ = {isa = PBXBuildFile; fileRef = 504942073EB9CE75E326BAD0 /* ScienceCards.swift */; };
		3E70F7C7B919094BD9C1CF48 /* HistoryCards.swift in Sources */ = {isa = PBXBuildFile; fileRef = 639254D10131FB38338B5787 /* HistoryCards.swift */; };
		424E79981EE3B74067F4A219 /* MediaManager.swift in Sources */ = {isa = PBXBuildFile; fileRef = B05409CD6F2A65EFEE9A8BBC /* MediaManager.swift */; };
		557C9C5AA9691A7E9D688527 /* CardProgress.swift in Sources */ = {isa = PBXBuildFile; fileRef = 562CC8695A8B6F97E986EE65 /* CardProgress.swift */; };
		65862D7792026CB60687F5D4 /* CardTests.swift in Sources */ = {isa = PBXBuildFile; fileRef = 6C6A895D3054D8EA7538A5E9 /* CardTests.swift */; };
		76E23A0FAF036E040DDF0CDB /* SampleDecks.swift in Sources */ = {isa = PBXBuildFile; fileRef = 4CE9C587F4C731424208736D /* SampleDecks.swift */; };
		89059A35D2A349FCE0BB9ED5 /* StatsView.swift in Sources */ = {isa = PBXBuildFile; fileRef = 96DC8D9F769B1C624951E28B /* StatsView.swift */; };
		8AC455C3C11A5DAAD0614412 /* LanguageCards.swift in Sources */ = {isa = PBXBuildFile; fileRef = 2C3F12EA115B285E1B5517DC /* LanguageCards.swift */; };
		A5FE5EC302875EB2CA0B13D4 /* DeckStore.swift in Sources */ = {isa = PBXBuildFile; fileRef = 514B72D30F003BACBE3BF467 /* DeckStore.swift */; };
		B55775A80CA0F47C35030235 /* CSVParserTests.swift in Sources */ = {isa = PBXBuildFile; fileRef = 5132DFD1E68CF0B4C07CD2B2 /* CSVParserTests.swift */; };
		BD03F185B6C6F1E8E62E981E /* AddDeckView.swift in Sources */ = {isa = PBXBuildFile; fileRef = E91A046D38F3C4B564062A49 /* AddDeckView.swift */; };
		BE9391710C2222EBA3116209 /* FlashcardStudyApp.swift in Sources */ = {isa = PBXBuildFile; fileRef = A6C9A089A8588473B0F22A12 /* FlashcardStudyApp.swift */; };
		C18B612EFFA74527F1F1910A /* ImportView.swift in Sources */ = {isa = PBXBuildFile; fileRef = 560E47B27877FFB89E86E386 /* ImportView.swift */; };
		CA7B366E70417D85822E891B /* DeckStatsTests.swift in Sources */ = {isa = PBXBuildFile; fileRef = 27485E5AD6C2D26E1EE89718 /* DeckStatsTests.swift */; };
		D98D1ABE17B50A44A8A8D188 /* SpacedRepetition.swift in Sources */ = {isa = PBXBuildFile; fileRef = 15B2FD1056C73D05A80588B8 /* SpacedRepetition.swift */; };
		EB6A63A26F198FF884EEC07D /* SpacedRepetitionTests.swift in Sources */ = {isa = PBXBuildFile; fileRef = 068DFD394970B35D2877944E /* SpacedRepetitionTests.swift */; };
		F09B337FC20EA0FD11140DD4 /* GeographyCards.swift in Sources */ = {isa = PBXBuildFile; fileRef = 600902A572D87F1BD46ED1AC /* GeographyCards.swift */; };
		F3ED5E9B37A5C3C8E2E0552E /* ZIPFoundation in Frameworks */ = {isa = PBXBuildFile; productRef = FEE4C94813AA271EEFF0F378 /* ZIPFoundation */; };
		F576F6442407790774664B5A /* Card.swift in Sources */ = {isa = PBXBuildFile; fileRef = 956B4533345831B6F4C24B62 /* Card.swift */; };
		FAB6E89016A66EE3A92E9004 /* GothicTheme.swift in Sources */ = {isa = PBXBuildFile; fileRef = 6F62A2F8E106F109EAB8BAEC /* GothicTheme.swift */; };
/* End PBXBuildFile section */

/* Begin PBXContainerItemProxy section */
		17D6E887E501640C4D096114 /* PBXContainerItemProxy */ = {
			isa = PBXContainerItemProxy;
			containerPortal = 9F280198C20D84087FD0A3C2 /* Project object */;
			proxyType = 1;
			remoteGlobalIDString = E918EA2DAF5609D617D0ED04;
			remoteInfo = FlashcardStudy;
		};
/* End PBXContainerItemProxy section */

/* Begin PBXFileReference section */
		068DFD394970B35D2877944E /* SpacedRepetitionTests.swift */ = {isa = PBXFileReference; lastKnownFileType = sourcecode.swift; path = SpacedRepetitionTests.swift; sourceTree = "<group>"; };
		15B2FD1056C73D05A80588B8 /* SpacedRepetition.swift */ = {isa = PBXFileReference; lastKnownFileType = sourcecode.swift; path = SpacedRepetition.swift; sourceTree = "<group>"; };
		27485E5AD6C2D26E1EE89718 /* DeckStatsTests.swift */ = {isa = PBXFileReference; lastKnownFileType = sourcecode.swift; path = DeckStatsTests.swift; sourceTree = "<group>"; };
		292683B3D8490361C2A52174 /* ExcelParser.swift */ = {isa = PBXFileReference; lastKnownFileType = sourcecode.swift; path = ExcelParser.swift; sourceTree = "<group>"; };
		2C3F12EA115B285E1B5517DC /* LanguageCards.swift */ = {isa = PBXFileReference; lastKnownFileType = sourcecode.swift; path = LanguageCards.swift; sourceTree = "<group>"; };
		4CE9C587F4C731424208736D /* SampleDecks.swift */ = {isa = PBXFileReference; lastKnownFileType = sourcecode.swift; path = SampleDecks.swift; sourceTree = "<group>"; };
		504942073EB9CE75E326BAD0 /* ScienceCards.swift */ = {isa = PBXFileReference; lastKnownFileType = sourcecode.swift; path = ScienceCards.swift; sourceTree = "<group>"; };
		5132DFD1E68CF0B4C07CD2B2 /* CSVParserTests.swift */ = {isa = PBXFileReference; lastKnownFileType = sourcecode.swift; path = CSVParserTests.swift; sourceTree = "<group>"; };
		514B72D30F003BACBE3BF467 /* DeckStore.swift */ = {isa = PBXFileReference; lastKnownFileType = sourcecode.swift; path = DeckStore.swift; sourceTree = "<group>"; };
		560E47B27877FFB89E86E386 /* ImportView.swift */ = {isa = PBXFileReference; lastKnownFileType = sourcecode.swift; path = ImportView.swift; sourceTree = "<group>"; };
		562CC8695A8B6F97E986EE65 /* CardProgress.swift */ = {isa = PBXFileReference; lastKnownFileType = sourcecode.swift; path = CardProgress.swift; sourceTree = "<group>"; };
		600902A572D87F1BD46ED1AC /* GeographyCards.swift */ = {isa = PBXFileReference; lastKnownFileType = sourcecode.swift; path = GeographyCards.swift; sourceTree = "<group>"; };
		639254D10131FB38338B5787 /* HistoryCards.swift */ = {isa = PBXFileReference; lastKnownFileType = sourcecode.swift; path = HistoryCards.swift; sourceTree = "<group>"; };
		63DD29B0DAA4B1BEF555C5C4 /* FlashcardStudyTests.xctest */ = {isa = PBXFileReference; explicitFileType = wrapper.cfbundle; includeInIndex = 0; path = FlashcardStudyTests.xctest; sourceTree = BUILT_PRODUCTS_DIR; };
		6C6A895D3054D8EA7538A5E9 /* CardTests.swift */ = {isa = PBXFileReference; lastKnownFileType = sourcecode.swift; path = CardTests.swift; sourceTree = "<group>"; };
		6F62A2F8E106F109EAB8BAEC /* GothicTheme.swift */ = {isa = PBXFileReference; lastKnownFileType = sourcecode.swift; path = GothicTheme.swift; sourceTree = "<group>"; };
		70C85564049E538C62ADD394 /* Deck.swift */ = {isa = PBXFileReference; lastKnownFileType = sourcecode.swift; path = Deck.swift; sourceTree = "<group>"; };
		918D4B107E2F86A4FEC2FB51 /* ContentView.swift */ = {isa = PBXFileReference; lastKnownFileType = sourcecode.swift; path = ContentView.swift; sourceTree = "<group>"; };
		956B4533345831B6F4C24B62 /* Card.swift */ = {isa = PBXFileReference; lastKnownFileType = sourcecode.swift; path = Card.swift; sourceTree = "<group>"; };
		96DC8D9F769B1C624951E28B /* StatsView.swift */ = {isa = PBXFileReference; lastKnownFileType = sourcecode.swift; path = StatsView.swift; sourceTree = "<group>"; };
		A6C9A089A8588473B0F22A12 /* FlashcardStudyApp.swift */ = {isa = PBXFileReference; lastKnownFileType = sourcecode.swift; path = FlashcardStudyApp.swift; sourceTree = "<group>"; };
		B05409CD6F2A65EFEE9A8BBC /* MediaManager.swift */ = {isa = PBXFileReference; lastKnownFileType = sourcecode.swift; path = MediaManager.swift; sourceTree = "<group>"; };
		D1941D42154A9A657F111CD1 /* CardStats.swift */ = {isa = PBXFileReference; lastKnownFileType = sourcecode.swift; path = CardStats.swift; sourceTree = "<group>"; };
		E1674F93DF2E15E7556C4BA0 /* CardStatsTests.swift */ = {isa = PBXFileReference; lastKnownFileType = sourcecode.swift; path = CardStatsTests.swift; sourceTree = "<group>"; };
		E91A046D38F3C4B564062A49 /* AddDeckView.swift */ = {isa = PBXFileReference; lastKnownFileType = sourcecode.swift; path = AddDeckView.swift; sourceTree = "<group>"; };
		FD23DB49C8D5244D47F6DCE6 /* FlashcardStudy.app */ = {isa = PBXFileReference; explicitFileType = wrapper.application; includeInIndex = 0; path = FlashcardStudy.app; sourceTree = BUILT_PRODUCTS_DIR; };
		FE0F722E33A8704A2F29871A /* StudyView.swift */ = {isa = PBXFileReference; lastKnownFileType = sourcecode.swift; path = StudyView.swift; sourceTree = "<group>"; };
/* End PBXFileReference section */

/* Begin PBXFrameworksBuildPhase section */
		008AB1DB6B3BEC20F7B1EBD2 /* Frameworks */ = {
			isa = PBXFrameworksBuildPhase;
			buildActionMask = 2147483647;
			files = (
				F3ED5E9B37A5C3C8E2E0552E /* ZIPFoundation in Frameworks */,
			);
			runOnlyForDeploymentPostprocessing = 0;
		};
/* End PBXFrameworksBuildPhase section */

/* Begin PBXGroup section */
		06C0C9B283A8FF2E8D311212 /* Views */ = {
			isa = PBXGroup;
			children = (
				E91A046D38F3C4B564062A49 /* AddDeckView.swift */,
				918D4B107E2F86A4FEC2FB51 /* ContentView.swift */,
				292683B3D8490361C2A52174 /* ExcelParser.swift */,
				6F62A2F8E106F109EAB8BAEC /* GothicTheme.swift */,
				560E47B27877FFB89E86E386 /* ImportView.swift */,
				96DC8D9F769B1C624951E28B /* StatsView.swift */,
				FE0F722E33A8704A2F29871A /* StudyView.swift */,
			);
			path = Views;
			sourceTree = "<group>";
		};
		129BB5E1012DB59D3ED99701 /* Models */ = {
			isa = PBXGroup;
			children = (
				956B4533345831B6F4C24B62 /* Card.swift */,
				562CC8695A8B6F97E986EE65 /* CardProgress.swift */,
				D1941D42154A9A657F111CD1 /* CardStats.swift */,
				70C85564049E538C62ADD394 /* Deck.swift */,
				514B72D30F003BACBE3BF467 /* DeckStore.swift */,
				600902A572D87F1BD46ED1AC /* GeographyCards.swift */,
				639254D10131FB38338B5787 /* HistoryCards.swift */,
				2C3F12EA115B285E1B5517DC /* LanguageCards.swift */,
				B05409CD6F2A65EFEE9A8BBC /* MediaManager.swift */,
				4CE9C587F4C731424208736D /* SampleDecks.swift */,
				504942073EB9CE75E326BAD0 /* ScienceCards.swift */,
				15B2FD1056C73D05A80588B8 /* SpacedRepetition.swift */,
			);
			path = Models;
			sourceTree = "<group>";
		};
		16C50044278F81F4E932ED76 /* App */ = {
			isa = PBXGroup;
			children = (
				A6C9A089A8588473B0F22A12 /* FlashcardStudyApp.swift */,
			);
			path = App;
			sourceTree = "<group>";
		};
		416639EC7ECE4A2AD2B0D9C3 /* Products */ = {
			isa = PBXGroup;
			children = (
				FD23DB49C8D5244D47F6DCE6 /* FlashcardStudy.app */,
				63DD29B0DAA4B1BEF555C5C4 /* FlashcardStudyTests.xctest */,
			);
			name = Products;
			sourceTree = "<group>";
		};
		85CC1CFCC78A55000DF9B9D2 /* Sources */ = {
			isa = PBXGroup;
			children = (
				16C50044278F81F4E932ED76 /* App */,
				129BB5E1012DB59D3ED99701 /* Models */,
				06C0C9B283A8FF2E8D311212 /* Views */,
			);
			path = Sources;
			sourceTree = "<group>";
		};
		B4D4EE522725AABFEA2A8221 /* FlashcardStudyTests */ = {
			isa = PBXGroup;
			children = (
				E1674F93DF2E15E7556C4BA0 /* CardStatsTests.swift */,
				6C6A895D3054D8EA7538A5E9 /* CardTests.swift */,
				5132DFD1E68CF0B4C07CD2B2 /* CSVParserTests.swift */,
				27485E5AD6C2D26E1EE89718 /* DeckStatsTests.swift */,
				068DFD394970B35D2877944E /* SpacedRepetitionTests.swift */,
			);
			path = FlashcardStudyTests;
			sourceTree = "<group>";
		};
		B762BBE15FBAB80C16728B50 = {
			isa = PBXGroup;
			children = (
				B4D4EE522725AABFEA2A8221 /* FlashcardStudyTests */,
				85CC1CFCC78A55000DF9B9D2 /* Sources */,
				416639EC7ECE4A2AD2B0D9C3 /* Products */,
			);
			sourceTree = "<group>";
		};
/* End PBXGroup section */

/* Begin PBXNativeTarget section */
		0FDFD4E80668B4C6C66EF3B8 /* FlashcardStudyTests */ = {
			isa = PBXNativeTarget;
			buildConfigurationList = 029AB77AD40CA3E219CE4677 /* Build configuration list for PBXNativeTarget "FlashcardStudyTests" */;
			buildPhases = (
				A2CBDA9EE748E124DC2E1F03 /* Sources */,
			);
			buildRules = (
			);
			dependencies = (
				7E0BE889AC5381FB34CE1830 /* PBXTargetDependency */,
			);
			name = FlashcardStudyTests;
			packageProductDependencies = (
			);
			productName = FlashcardStudyTests;
			productReference = 63DD29B0DAA4B1BEF555C5C4 /* FlashcardStudyTests.xctest */;
			productType = "com.apple.product-type.bundle.unit-test";
		};
		E918EA2DAF5609D617D0ED04 /* FlashcardStudy */ = {
			isa = PBXNativeTarget;
			buildConfigurationList = 61D7B91FDD976362AD24CD07 /* Build configuration list for PBXNativeTarget "FlashcardStudy" */;
			buildPhases = (
				5AB71BD2F87587ED6516E24A /* Sources */,
				008AB1DB6B3BEC20F7B1EBD2 /* Frameworks */,
			);
			buildRules = (
			);
			dependencies = (
			);
			name = FlashcardStudy;
			packageProductDependencies = (
				FEE4C94813AA271EEFF0F378 /* ZIPFoundation */,
			);
			productName = FlashcardStudy;
			productReference = FD23DB49C8D5244D47F6DCE6 /* FlashcardStudy.app */;
			productType = "com.apple.product-type.application";
		};
/* End PBXNativeTarget section */

/* Begin PBXProject section */
		9F280198C20D84087FD0A3C2 /* Project object */ = {
			isa = PBXProject;
			attributes = {
				BuildIndependentTargetsInParallel = YES;
				LastUpgradeCheck = 1500;
				TargetAttributes = {
					E918EA2DAF5609D617D0ED04 = {
						ProvisioningStyle = Automatic;
					};
				};
			};
			buildConfigurationList = 313CB652AFCAFDCB9205C503 /* Build configuration list for PBXProject "FlashcardStudy" */;
			compatibilityVersion = "Xcode 14.0";
			developmentRegion = en;
			hasScannedForEncodings = 0;
			knownRegions = (
				Base,
				en,
			);
			mainGroup = B762BBE15FBAB80C16728B50;
			minimizedProjectReferenceProxies = 1;
			packageReferences = (
				76DFECA4B33D9FCDA04DFD48 /* XCRemoteSwiftPackageReference "ZIPFoundation" */,
			);
			projectDirPath = "";
			projectRoot = "";
			targets = (
				E918EA2DAF5609D617D0ED04 /* FlashcardStudy */,
				0FDFD4E80668B4C6C66EF3B8 /* FlashcardStudyTests */,
			);
		};
/* End PBXProject section */

/* Begin PBXSourcesBuildPhase section */
		5AB71BD2F87587ED6516E24A /* Sources */ = {
			isa = PBXSourcesBuildPhase;
			buildActionMask = 2147483647;
			files = (
				BD03F185B6C6F1E8E62E981E /* AddDeckView.swift in Sources */,
				F576F6442407790774664B5A /* Card.swift in Sources */,
				557C9C5AA9691A7E9D688527 /* CardProgress.swift in Sources */,
				0BD51DCCF7C10077BCF5E504 /* CardStats.swift in Sources */,
				120A78A9DE0714879B3164B1 /* ContentView.swift in Sources */,
				31A0D72210948D4836705072 /* Deck.swift in Sources */,
				A5FE5EC302875EB2CA0B13D4 /* DeckStore.swift in Sources */,
				221A01D2A3F17BE0902A4188 /* ExcelParser.swift in Sources */,
				BE9391710C2222EBA3116209 /* FlashcardStudyApp.swift in Sources */,
				F09B337FC20EA0FD11140DD4 /* GeographyCards.swift in Sources */,
				FAB6E89016A66EE3A92E9004 /* GothicTheme.swift in Sources */,
				3E70F7C7B919094BD9C1CF48 /* HistoryCards.swift in Sources */,
				C18B612EFFA74527F1F1910A /* ImportView.swift in Sources */,
				8AC455C3C11A5DAAD0614412 /* LanguageCards.swift in Sources */,
				424E79981EE3B74067F4A219 /* MediaManager.swift in Sources */,
				76E23A0FAF036E040DDF0CDB /* SampleDecks.swift in Sources */,
				3AEDC67966864AC0A82EF429 /* ScienceCards.swift in Sources */,
				D98D1ABE17B50A44A8A8D188 /* SpacedRepetition.swift in Sources */,
				89059A35D2A349FCE0BB9ED5 /* StatsView.swift in Sources */,
				16B0C6CF15827C330E01B538 /* StudyView.swift in Sources */,
			);
			runOnlyForDeploymentPostprocessing = 0;
		};
		A2CBDA9EE748E124DC2E1F03 /* Sources */ = {
			isa = PBXSourcesBuildPhase;
			buildActionMask = 2147483647;
			files = (
				B55775A80CA0F47C35030235 /* CSVParserTests.swift in Sources */,
				2534B791B655F71FD3D1C2C7 /* CardStatsTests.swift in Sources */,
				65862D7792026CB60687F5D4 /* CardTests.swift in Sources */,
				CA7B366E70417D85822E891B /* DeckStatsTests.swift in Sources */,
				EB6A63A26F198FF884EEC07D /* SpacedRepetitionTests.swift in Sources */,
			);
			runOnlyForDeploymentPostprocessing = 0;
		};
/* End PBXSourcesBuildPhase section */

/* Begin PBXTargetDependency section */
		7E0BE889AC5381FB34CE1830 /* PBXTargetDependency */ = {
			isa = PBXTargetDependency;
			target = E918EA2DAF5609D617D0ED04 /* FlashcardStudy */;
			targetProxy = 17D6E887E501640C4D096114 /* PBXContainerItemProxy */;
		};
/* End PBXTargetDependency section */

/* Begin XCBuildConfiguration section */
		160547356465949FD379855B /* Release */ = {
			isa = XCBuildConfiguration;
			buildSettings = {
				ASSETCATALOG_COMPILER_APPICON_NAME = AppIcon;
				ASSETCATALOG_COMPILER_GLOBAL_ACCENT_COLOR_NAME = AccentColor;
				CODE_SIGN_IDENTITY = "iPhone Developer";
				CODE_SIGN_STYLE = Automatic;
				DEVELOPMENT_TEAM = DQ7D6387N8;
				INFOPLIST_KEY_UIApplicationSceneManifest_Generation = YES;
				INFOPLIST_KEY_UIApplicationSupportsIndirectInputEvents = YES;
				INFOPLIST_KEY_UILaunchScreen_Generation = YES;
				INFOPLIST_KEY_UISupportedInterfaceOrientations_iPad = "UIInterfaceOrientationPortrait UIInterfaceOrientationPortraitUpsideDown UIInterfaceOrientationLandscapeLeft UIInterfaceOrientationLandscapeRight";
				INFOPLIST_KEY_UISupportedInterfaceOrientations_iPhone = UIInterfaceOrientationPortrait;
				LD_RUNPATH_SEARCH_PATHS = (
					"$(inherited)",
					"@executable_path/Frameworks",
				);
				PRODUCT_BUNDLE_IDENTIFIER = com.flashcard.study;
				SDKROOT = iphoneos;
				TARGETED_DEVICE_FAMILY = "1,2";
			};
			name = Release;
		};
		35B6D26DDDB04D60A243B13A /* Debug */ = {
			isa = XCBuildConfiguration;
			buildSettings = {
				BUNDLE_LOADER = "$(TEST_HOST)";
				DEVELOPMENT_TEAM = DQ7D6387N8;
				LD_RUNPATH_SEARCH_PATHS = (
					"$(inherited)",
					"@executable_path/Frameworks",
					"@loader_path/Frameworks",
				);
				PRODUCT_BUNDLE_IDENTIFIER = com.flashcard.study.tests;
				SDKROOT = iphoneos;
				TARGETED_DEVICE_FAMILY = "1,2";
				TEST_HOST = "$(BUILT_PRODUCTS_DIR)/FlashcardStudy.app/FlashcardStudy";
			};
			name = Debug;
		};
		3D323C6C8554B9C6E3ADFF63 /* Release */ = {
			isa = XCBuildConfiguration;
			buildSettings = {
				ALWAYS_SEARCH_USER_PATHS = NO;
				CLANG_ANALYZER_NONNULL = YES;
				CLANG_ANALYZER_NUMBER_OBJECT_CONVERSION = YES_AGGRESSIVE;
				CLANG_CXX_LANGUAGE_STANDARD = "gnu++14";
				CLANG_CXX_LIBRARY = "libc++";
				CLANG_ENABLE_MODULES = YES;
				CLANG_ENABLE_OBJC_ARC = YES;
				CLANG_ENABLE_OBJC_WEAK = YES;
				CLANG_WARN_BLOCK_CAPTURE_AUTORELEASING = YES;
				CLANG_WARN_BOOL_CONVERSION = YES;
				CLANG_WARN_COMMA = YES;
				CLANG_WARN_CONSTANT_CONVERSION = YES;
				CLANG_WARN_DEPRECATED_OBJC_IMPLEMENTATIONS = YES;
				CLANG_WARN_DIRECT_OBJC_ISA_USAGE = YES_ERROR;
				CLANG_WARN_DOCUMENTATION_COMMENTS = YES;
				CLANG_WARN_EMPTY_BODY = YES;
				CLANG_WARN_ENUM_CONVERSION = YES;
				CLANG_WARN_INFINITE_RECURSION = YES;
				CLANG_WARN_INT_CONVERSION = YES;
				CLANG_WARN_NON_LITERAL_NULL_CONVERSION = YES;
				CLANG_WARN_OBJC_IMPLICIT_RETAIN_SELF = YES;
				CLANG_WARN_OBJC_LITERAL_CONVERSION = YES;
				CLANG_WARN_OBJC_ROOT_CLASS = YES_ERROR;
				CLANG_WARN_QUOTED_INCLUDE_IN_FRAMEWORK_HEADER = YES;
				CLANG_WARN_RANGE_LOOP_ANALYSIS = YES;
				CLANG_WARN_STRICT_PROTOTYPES = YES;
				CLANG_WARN_SUSPICIOUS_MOVE = YES;
				CLANG_WARN_UNGUARDED_AVAILABILITY = YES_AGGRESSIVE;
				CLANG_WARN_UNREACHABLE_CODE = YES;
				CLANG_WARN__DUPLICATE_METHOD_MATCH = YES;
				COPY_PHASE_STRIP = NO;
				CURRENT_PROJECT_VERSION = 1;
				DEBUG_INFORMATION_FORMAT = "dwarf-with-dsym";
				ENABLE_NS_ASSERTIONS = NO;
				ENABLE_STRICT_OBJC_MSGSEND = YES;
				GCC_C_LANGUAGE_STANDARD = gnu11;
				GCC_NO_COMMON_BLOCKS = YES;
				GCC_WARN_64_TO_32_BIT_CONVERSION = YES;
				GCC_WARN_ABOUT_RETURN_TYPE = YES_ERROR;
				GCC_WARN_UNDECLARED_SELECTOR = YES;
				GCC_WARN_UNINITIALIZED_AUTOS = YES_AGGRESSIVE;
				GCC_WARN_UNUSED_FUNCTION = YES;
				GCC_WARN_UNUSED_VARIABLE = YES;
				GENERATE_INFOPLIST_FILE = YES;
				IPHONEOS_DEPLOYMENT_TARGET = 17.0;
				MARKETING_VERSION = 1.0.0;
				MTL_ENABLE_DEBUG_INFO = NO;
				MTL_FAST_MATH = YES;
				PRODUCT_NAME = "$(TARGET_NAME)";
				SDKROOT = iphoneos;
				SWIFT_COMPILATION_MODE = wholemodule;
				SWIFT_OPTIMIZATION_LEVEL = "-O";
				SWIFT_VERSION = 5.9;
			};
			name = Release;
		};
		41249BDB7BCC56899C2674E5 /* Debug */ = {
			isa = XCBuildConfiguration;
			buildSettings = {
				ASSETCATALOG_COMPILER_APPICON_NAME = AppIcon;
				ASSETCATALOG_COMPILER_GLOBAL_ACCENT_COLOR_NAME = AccentColor;
				CODE_SIGN_IDENTITY = "iPhone Developer";
				CODE_SIGN_STYLE = Automatic;
				DEVELOPMENT_TEAM = DQ7D6387N8;
				INFOPLIST_KEY_UIApplicationSceneManifest_Generation = YES;
				INFOPLIST_KEY_UIApplicationSupportsIndirectInputEvents = YES;
				INFOPLIST_KEY_UILaunchScreen_Generation = YES;
				INFOPLIST_KEY_UISupportedInterfaceOrientations_iPad = "UIInterfaceOrientationPortrait UIInterfaceOrientationPortraitUpsideDown UIInterfaceOrientationLandscapeLeft UIInterfaceOrientationLandscapeRight";
				INFOPLIST_KEY_UISupportedInterfaceOrientations_iPhone = UIInterfaceOrientationPortrait;
				LD_RUNPATH_SEARCH_PATHS = (
					"$(inherited)",
					"@executable_path/Frameworks",
				);
				PRODUCT_BUNDLE_IDENTIFIER = com.flashcard.study;
				SDKROOT = iphoneos;
				TARGETED_DEVICE_FAMILY = "1,2";
			};
			name = Debug;
		};
		7A6E2F170900F1A91BC94D29 /* Release */ = {
			isa = XCBuildConfiguration;
			buildSettings = {
				BUNDLE_LOADER = "$(TEST_HOST)";
				DEVELOPMENT_TEAM = DQ7D6387N8;
				LD_RUNPATH_SEARCH_PATHS = (
					"$(inherited)",
					"@executable_path/Frameworks",
					"@loader_path/Frameworks",
				);
				PRODUCT_BUNDLE_IDENTIFIER = com.flashcard.study.tests;
				SDKROOT = iphoneos;
				TARGETED_DEVICE_FAMILY = "1,2";
				TEST_HOST = "$(BUILT_PRODUCTS_DIR)/FlashcardStudy.app/FlashcardStudy";
			};
			name = Release;
		};
		D5B994AE70071209999EB2E2 /* Debug */ = {
			isa = XCBuildConfiguration;
			buildSettings = {
				ALWAYS_SEARCH_USER_PATHS = NO;
				CLANG_ANALYZER_NONNULL = YES;
				CLANG_ANALYZER_NUMBER_OBJECT_CONVERSION = YES_AGGRESSIVE;
				CLANG_CXX_LANGUAGE_STANDARD = "gnu++14";
				CLANG_CXX_LIBRARY = "libc++";
				CLANG_ENABLE_MODULES = YES;
				CLANG_ENABLE_OBJC_ARC = YES;
				CLANG_ENABLE_OBJC_WEAK = YES;
				CLANG_WARN_BLOCK_CAPTURE_AUTORELEASING = YES;
				CLANG_WARN_BOOL_CONVERSION = YES;
				CLANG_WARN_COMMA = YES;
				CLANG_WARN_CONSTANT_CONVERSION = YES;
				CLANG_WARN_DEPRECATED_OBJC_IMPLEMENTATIONS = YES;
				CLANG_WARN_DIRECT_OBJC_ISA_USAGE = YES_ERROR;
				CLANG_WARN_DOCUMENTATION_COMMENTS = YES;
				CLANG_WARN_EMPTY_BODY = YES;
				CLANG_WARN_ENUM_CONVERSION = YES;
				CLANG_WARN_INFINITE_RECURSION = YES;
				CLANG_WARN_INT_CONVERSION = YES;
				CLANG_WARN_NON_LITERAL_NULL_CONVERSION = YES;
				CLANG_WARN_OBJC_IMPLICIT_RETAIN_SELF = YES;
				CLANG_WARN_OBJC_LITERAL_CONVERSION = YES;
				CLANG_WARN_OBJC_ROOT_CLASS = YES_ERROR;
				CLANG_WARN_QUOTED_INCLUDE_IN_FRAMEWORK_HEADER = YES;
				CLANG_WARN_RANGE_LOOP_ANALYSIS = YES;
				CLANG_WARN_STRICT_PROTOTYPES = YES;
				CLANG_WARN_SUSPICIOUS_MOVE = YES;
				CLANG_WARN_UNGUARDED_AVAILABILITY = YES_AGGRESSIVE;
				CLANG_WARN_UNREACHABLE_CODE = YES;
				CLANG_WARN__DUPLICATE_METHOD_MATCH = YES;
				COPY_PHASE_STRIP = NO;
				CURRENT_PROJECT_VERSION = 1;
				DEBUG_INFORMATION_FORMAT = dwarf;
				ENABLE_STRICT_OBJC_MSGSEND = YES;
				ENABLE_TESTABILITY = YES;
				GCC_C_LANGUAGE_STANDARD = gnu11;
				GCC_DYNAMIC_NO_PIC = NO;
				GCC_NO_COMMON_BLOCKS = YES;
				GCC_OPTIMIZATION_LEVEL = 0;
				GCC_PREPROCESSOR_DEFINITIONS = (
					"$(inherited)",
					"DEBUG=1",
				);
				GCC_WARN_64_TO_32_BIT_CONVERSION = YES;
				GCC_WARN_ABOUT_RETURN_TYPE = YES_ERROR;
				GCC_WARN_UNDECLARED_SELECTOR = YES;
				GCC_WARN_UNINITIALIZED_AUTOS = YES_AGGRESSIVE;
				GCC_WARN_UNUSED_FUNCTION = YES;
				GCC_WARN_UNUSED_VARIABLE = YES;
				GENERATE_INFOPLIST_FILE = YES;
				IPHONEOS_DEPLOYMENT_TARGET = 17.0;
				MARKETING_VERSION = 1.0.0;
				MTL_ENABLE_DEBUG_INFO = INCLUDE_SOURCE;
				MTL_FAST_MATH = YES;
				ONLY_ACTIVE_ARCH = YES;
				PRODUCT_NAME = "$(TARGET_NAME)";
				SDKROOT = iphoneos;
				SWIFT_ACTIVE_COMPILATION_CONDITIONS = DEBUG;
				SWIFT_OPTIMIZATION_LEVEL = "-Onone";
				SWIFT_VERSION = 5.9;
			};
			name = Debug;
		};
/* End XCBuildConfiguration section */

/* Begin XCConfigurationList section */
		029AB77AD40CA3E219CE4677 /* Build configuration list for PBXNativeTarget "FlashcardStudyTests" */ = {
			isa = XCConfigurationList;
			buildConfigurations = (
				35B6D26DDDB04D60A243B13A /* Debug */,
				7A6E2F170900F1A91BC94D29 /* Release */,
			);
			defaultConfigurationIsVisible = 0;
			defaultConfigurationName = Debug;
		};
		313CB652AFCAFDCB9205C503 /* Build configuration list for PBXProject "FlashcardStudy" */ = {
			isa = XCConfigurationList;
			buildConfigurations = (
				D5B994AE70071209999EB2E2 /* Debug */,
				3D323C6C8554B9C6E3ADFF63 /* Release */,
			);
			defaultConfigurationIsVisible = 0;
			defaultConfigurationName = Debug;
		};
		61D7B91FDD976362AD24CD07 /* Build configuration list for PBXNativeTarget "FlashcardStudy" */ = {
			isa = XCConfigurationList;
			buildConfigurations = (
				41249BDB7BCC56899C2674E5 /* Debug */,
				160547356465949FD379855B /* Release */,
			);
			defaultConfigurationIsVisible = 0;
			defaultConfigurationName = Debug;
		};
/* End XCConfigurationList section */

/* Begin XCRemoteSwiftPackageReference section */
		76DFECA4B33D9FCDA04DFD48 /* XCRemoteSwiftPackageReference "ZIPFoundation" */ = {
			isa = XCRemoteSwiftPackageReference;
			repositoryURL = "https://github.com/weichsel/ZIPFoundation";
			requirement = {
				kind = upToNextMajorVersion;
				minimumVersion = 0.9.0;
			};
		};
/* End XCRemoteSwiftPackageReference section */

/* Begin XCSwiftPackageProductDependency section */
		FEE4C94813AA271EEFF0F378 /* ZIPFoundation */ = {
			isa = XCSwiftPackageProductDependency;
			package = 76DFECA4B33D9FCDA04DFD48 /* XCRemoteSwiftPackageReference "ZIPFoundation" */;
			productName = ZIPFoundation;
		};
/* End XCSwiftPackageProductDependency section */
	};
	rootObject = 9F280198C20D84087FD0A3C2 /* Project object */;
}
